NeoBundleLock ctrlp.vim d93d97813dc839ef0782302a0debd7c4877f09f3
NeoBundleLock neobundle.vim 1306c131ff0a6cc094b7ff0727350e442b5427f1
NeoBundleLock neosnippet-snippets 40494577a44c6c7cc03e70e4bb6b4e27cbd8e417
NeoBundleLock neosnippet.vim 16cddad16ba27fb1205d601c97d499be7d408b68
NeoBundleLock openai.vim 72ce6e2614d032142fbcff37044cd585dc5885fa
NeoBundleLock vim-colorschemes fd8f122cef604330c96a6a6e434682dbdfb878c9
NeoBundleLock vim-fugitive 1da7c133b109cd329060174a104e325e4d6bcc82
